{
  "requires": true,
  "lockfileVersion": 1,
  "dependencies": {
    "arguejs": {
      "version": "0.2.3",
      "resolved": "https://registry.npmjs.org/arguejs/-/arguejs-0.2.3.tgz",
      "integrity": "sha1-tvk59f4OPNHz+T4qqSYkJL8xKvc="
    },
    "jasmine-matchers": {
      "version": "0.2.3",
      "resolved": "https://registry.npmjs.org/jasmine-matchers/-/jasmine-matchers-0.2.3.tgz",
      "integrity": "sha1-kwLedlTQdMiNrLWR7tr7dArpPls="
    },
    "jasmine-protractor-matchers": {
      "version": "2.0.0",
      "resolved": "https://registry.npmjs.org/jasmine-protractor-matchers/-/jasmine-protractor-matchers-2.0.0.tgz",
      "integrity": "sha1-tdoGx8Ji2loK9qnw+DZm3pz/sS8=",
      "requires": {
        "arguejs": "0.2.3"
      }
    }
  }
}
